
Microsoft Visual Studio Solution File, Format Version 12.00
# Visual Studio Version 17
VisualStudioVersion = 17.14.36705.20 d17.14
MinimumVisualStudioVersion = 10.0.40219.1
Project("{FAE04EC0-301F-11D3-BF4B-00C04F79EFBC}") = "UsuariosApi", "UsuariosApi.csproj", "{AF628629-A9E1-4E4B-B77F-4E51C0C16E24}"
EndProject
Global
	GlobalSection(SolutionConfigurationPlatforms) = preSolution
		Debug|Any CPU = Debug|Any CPU
		Release|Any CPU = Release|Any CPU
	EndGlobalSection
	GlobalSection(ProjectConfigurationPlatforms) = postSolution
		{AF628629-A9E1-4E4B-B77F-4E51C0C16E24}.Debug|Any CPU.ActiveCfg = Debug|Any CPU
		{AF628629-A9E1-4E4B-B77F-4E51C0C16E24}.Debug|Any CPU.Build.0 = Debug|Any CPU
		{AF628629-A9E1-4E4B-B77F-4E51C0C16E24}.Release|Any CPU.ActiveCfg = Release|Any CPU
		{AF628629-A9E1-4E4B-B77F-4E51C0C16E24}.Release|Any CPU.Build.0 = Release|Any CPU
	EndGlobalSection
	GlobalSection(SolutionProperties) = preSolution
		HideSolutionNode = FALSE
	EndGlobalSection
	GlobalSection(ExtensibilityGlobals) = postSolution
		SolutionGuid = {272A113D-1E13-4DA7-88A9-F8624575F646}
	EndGlobalSection
EndGlobal
